// !$*UTF8*$!
{
	archiveVersion = 1;
	classes = {
	};
	objectVersion = 46;
	objects = {

/* Begin PBXBuildFile section */
		D32626971C34946D00E8AD9C /* AppDelegate.m in Sources */ = {isa = PBXBuildFile; fileRef = D32626961C34946D00E8AD9C /* AppDelegate.m */; };
		D326269A1C34946D00E8AD9C /* main.m in Sources */ = {isa = PBXBuildFile; fileRef = D32626991C34946D00E8AD9C /* main.m */; };
		D326269D1C34946D00E8AD9C /* Document.m in Sources */ = {isa = PBXBuildFile; fileRef = D326269C1C34946D00E8AD9C /* Document.m */; };
		D32626A01C34946D00E8AD9C /* Document.xib in Resources */ = {isa = PBXBuildFile; fileRef = D326269E1C34946D00E8AD9C /* Document.xib */; };
		D32626A21C34946D00E8AD9C /* Assets.xcassets in Resources */ = {isa = PBXBuildFile; fileRef = D32626A11C34946D00E8AD9C /* Assets.xcassets */; };
		D32626A51C34946D00E8AD9C /* MainMenu.xib in Resources */ = {isa = PBXBuildFile; fileRef = D32626A31C34946D00E8AD9C /* MainMenu.xib */; };
		D356F3431C34A18900B6EDAC /* BioMorph.m in Sources */ = {isa = PBXBuildFile; fileRef = D356F3421C34A18900B6EDAC /* BioMorph.m */; };
		D356F3501C375B3600B6EDAC /* main.m in Sources */ = {isa = PBXBuildFile; fileRef = D356F34F1C375B3600B6EDAC /* main.m */; };
		D356F3531C375B3600B6EDAC /* AppDelegate.m in Sources */ = {isa = PBXBuildFile; fileRef = D356F3521C375B3600B6EDAC /* AppDelegate.m */; };
		D356F3561C375B3600B6EDAC /* ViewController.m in Sources */ = {isa = PBXBuildFile; fileRef = D356F3551C375B3600B6EDAC /* ViewController.m */; };
		D356F3591C375B3600B6EDAC /* Main.storyboard in Resources */ = {isa = PBXBuildFile; fileRef = D356F3571C375B3600B6EDAC /* Main.storyboard */; };
		D356F35B1C375B3600B6EDAC /* Assets.xcassets in Resources */ = {isa = PBXBuildFile; fileRef = D356F35A1C375B3600B6EDAC /* Assets.xcassets */; };
		D356F35E1C375B3600B6EDAC /* LaunchScreen.storyboard in Resources */ = {isa = PBXBuildFile; fileRef = D356F35C1C375B3600B6EDAC /* LaunchScreen.storyboard */; };
		D356F3651C375BCD00B6EDAC /* EvolutionView.m in Sources */ = {isa = PBXBuildFile; fileRef = D356F3641C375BCD00B6EDAC /* EvolutionView.m */; };
		D356F3661C375C0900B6EDAC /* EvolutionRenderer.m in Sources */ = {isa = PBXBuildFile; fileRef = D3C8F28C1C34958E00247BE3 /* EvolutionRenderer.m */; };
		D356F3671C375C0900B6EDAC /* Morph.m in Sources */ = {isa = PBXBuildFile; fileRef = D3C8F28E1C34958E00247BE3 /* Morph.m */; };
		D356F3681C375C0900B6EDAC /* BioMorph.m in Sources */ = {isa = PBXBuildFile; fileRef = D356F3421C34A18900B6EDAC /* BioMorph.m */; };
		D356F3691C375C0900B6EDAC /* ConchoMorph.m in Sources */ = {isa = PBXBuildFile; fileRef = D3C8F28A1C34958E00247BE3 /* ConchoMorph.m */; };
		D356F3711C37600D00B6EDAC /* Utils.m in Sources */ = {isa = PBXBuildFile; fileRef = D356F36F1C37600D00B6EDAC /* Utils.m */; };
		D356F3721C37600D00B6EDAC /* Utils.m in Sources */ = {isa = PBXBuildFile; fileRef = D356F36F1C37600D00B6EDAC /* Utils.m */; };
		D3C8F2871C34958400247BE3 /* EvolutionView.m in Sources */ = {isa = PBXBuildFile; fileRef = D3C8F2861C34958400247BE3 /* EvolutionView.m */; };
		D3C8F2901C34958E00247BE3 /* ConchoMorph.m in Sources */ = {isa = PBXBuildFile; fileRef = D3C8F28A1C34958E00247BE3 /* ConchoMorph.m */; };
		D3C8F2911C34958E00247BE3 /* EvolutionRenderer.m in Sources */ = {isa = PBXBuildFile; fileRef = D3C8F28C1C34958E00247BE3 /* EvolutionRenderer.m */; };
		D3C8F2921C34958E00247BE3 /* Morph.m in Sources */ = {isa = PBXBuildFile; fileRef = D3C8F28E1C34958E00247BE3 /* Morph.m */; };
/* End PBXBuildFile section */

/* Begin PBXFileReference section */
		D32626921C34946D00E8AD9C /* Evolution.app */ = {isa = PBXFileReference; explicitFileType = wrapper.application; includeInIndex = 0; path = Evolution.app; sourceTree = BUILT_PRODUCTS_DIR; };
		D32626951C34946D00E8AD9C /* AppDelegate.h */ = {isa = PBXFileReference; lastKnownFileType = sourcecode.c.h; name = AppDelegate.h; path = Mac/AppDelegate.h; sourceTree = SOURCE_ROOT; };
		D32626961C34946D00E8AD9C /* AppDelegate.m */ = {isa = PBXFileReference; lastKnownFileType = sourcecode.c.objc; name = AppDelegate.m; path = Mac/AppDelegate.m; sourceTree = SOURCE_ROOT; };
		D32626991C34946D00E8AD9C /* main.m */ = {isa = PBXFileReference; lastKnownFileType = sourcecode.c.objc; name = main.m; path = Mac/main.m; sourceTree = SOURCE_ROOT; };
		D326269B1C34946D00E8AD9C /* Document.h */ = {isa = PBXFileReference; lastKnownFileType = sourcecode.c.h; name = Document.h; path = Mac/Document.h; sourceTree = SOURCE_ROOT; };
		D326269C1C34946D00E8AD9C /* Document.m */ = {isa = PBXFileReference; lastKnownFileType = sourcecode.c.objc; name = Document.m; path = Mac/Document.m; sourceTree = SOURCE_ROOT; };
		D326269F1C34946D00E8AD9C /* Base */ = {isa = PBXFileReference; lastKnownFileType = file.xib; name = Base; path = Base.lproj/Document.xib; sourceTree = "<group>"; };
		D32626A11C34946D00E8AD9C /* Assets.xcassets */ = {isa = PBXFileReference; lastKnownFileType = folder.assetcatalog; name = Assets.xcassets; path = Mac/Assets.xcassets; sourceTree = SOURCE_ROOT; };
		D32626A41C34946D00E8AD9C /* Base */ = {isa = PBXFileReference; lastKnownFileType = file.xib; name = Base; path = Base.lproj/MainMenu.xib; sourceTree = "<group>"; };
		D32626A61C34946D00E8AD9C /* Info.plist */ = {isa = PBXFileReference; lastKnownFileType = text.plist.xml; name = Info.plist; path = Mac/Info.plist; sourceTree = SOURCE_ROOT; };
		D356F3411C34A18900B6EDAC /* BioMorph.h */ = {isa = PBXFileReference; fileEncoding = 4; lastKnownFileType = sourcecode.c.h; path = BioMorph.h; sourceTree = "<group>"; };
		D356F3421C34A18900B6EDAC /* BioMorph.m */ = {isa = PBXFileReference; fileEncoding = 4; lastKnownFileType = sourcecode.c.objc; path = BioMorph.m; sourceTree = "<group>"; };
		D356F34C1C375B3600B6EDAC /* Evolution.app */ = {isa = PBXFileReference; explicitFileType = wrapper.application; includeInIndex = 0; path = Evolution.app; sourceTree = BUILT_PRODUCTS_DIR; };
		D356F34F1C375B3600B6EDAC /* main.m */ = {isa = PBXFileReference; lastKnownFileType = sourcecode.c.objc; name = main.m; path = ../Mobile/main.m; sourceTree = "<group>"; };
		D356F3511C375B3600B6EDAC /* AppDelegate.h */ = {isa = PBXFileReference; lastKnownFileType = sourcecode.c.h; name = AppDelegate.h; path = ../Mobile/AppDelegate.h; sourceTree = "<group>"; };
		D356F3521C375B3600B6EDAC /* AppDelegate.m */ = {isa = PBXFileReference; lastKnownFileType = sourcecode.c.objc; name = AppDelegate.m; path = ../Mobile/AppDelegate.m; sourceTree = "<group>"; };
		D356F3541C375B3600B6EDAC /* ViewController.h */ = {isa = PBXFileReference; lastKnownFileType = sourcecode.c.h; name = ViewController.h; path = ../Mobile/ViewController.h; sourceTree = "<group>"; };
		D356F3551C375B3600B6EDAC /* ViewController.m */ = {isa = PBXFileReference; lastKnownFileType = sourcecode.c.objc; name = ViewController.m; path = ../Mobile/ViewController.m; sourceTree = "<group>"; };
		D356F3581C375B3600B6EDAC /* Base */ = {isa = PBXFileReference; lastKnownFileType = file.storyboard; name = Base; path = Base.lproj/Main.storyboard; sourceTree = "<group>"; };
		D356F35A1C375B3600B6EDAC /* Assets.xcassets */ = {isa = PBXFileReference; lastKnownFileType = folder.assetcatalog; name = Assets.xcassets; path = ../Mobile/Assets.xcassets; sourceTree = "<group>"; };
		D356F35D1C375B3600B6EDAC /* Base */ = {isa = PBXFileReference; lastKnownFileType = file.storyboard; name = Base; path = Base.lproj/LaunchScreen.storyboard; sourceTree = "<group>"; };
		D356F35F1C375B3600B6EDAC /* Info.plist */ = {isa = PBXFileReference; lastKnownFileType = text.plist.xml; name = Info.plist; path = ../Mobile/Info.plist; sourceTree = "<group>"; };
		D356F3631C375BCD00B6EDAC /* EvolutionView.h */ = {isa = PBXFileReference; fileEncoding = 4; lastKnownFileType = sourcecode.c.h; name = EvolutionView.h; path = ../Mobile/EvolutionView.h; sourceTree = "<group>"; };
		D356F3641C375BCD00B6EDAC /* EvolutionView.m */ = {isa = PBXFileReference; fileEncoding = 4; lastKnownFileType = sourcecode.c.objc; name = EvolutionView.m; path = ../Mobile/EvolutionView.m; sourceTree = "<group>"; };
		D356F36A1C375D4800B6EDAC /* EvolutionMobile-Prefix.pch */ = {isa = PBXFileReference; lastKnownFileType = sourcecode.c.h; name = "EvolutionMobile-Prefix.pch"; path = "../Mobile/EvolutionMobile-Prefix.pch"; sourceTree = "<group>"; };
		D356F36F1C37600D00B6EDAC /* Utils.m */ = {isa = PBXFileReference; fileEncoding = 4; lastKnownFileType = sourcecode.c.objc; path = Utils.m; sourceTree = "<group>"; };
		D356F3701C37600D00B6EDAC /* Utils.h */ = {isa = PBXFileReference; fileEncoding = 4; lastKnownFileType = sourcecode.c.h; path = Utils.h; sourceTree = "<group>"; };
		D3C8F2851C34958400247BE3 /* EvolutionView.h */ = {isa = PBXFileReference; fileEncoding = 4; lastKnownFileType = sourcecode.c.h; name = EvolutionView.h; path = Mac/EvolutionView.h; sourceTree = SOURCE_ROOT; };
		D3C8F2861C34958400247BE3 /* EvolutionView.m */ = {isa = PBXFileReference; fileEncoding = 4; lastKnownFileType = sourcecode.c.objc; name = EvolutionView.m; path = Mac/EvolutionView.m; sourceTree = SOURCE_ROOT; };
		D3C8F2891C34958E00247BE3 /* ConchoMorph.h */ = {isa = PBXFileReference; fileEncoding = 4; lastKnownFileType = sourcecode.c.h; path = ConchoMorph.h; sourceTree = "<group>"; };
		D3C8F28A1C34958E00247BE3 /* ConchoMorph.m */ = {isa = PBXFileReference; fileEncoding = 4; lastKnownFileType = sourcecode.c.objc; path = ConchoMorph.m; sourceTree = "<group>"; };
		D3C8F28B1C34958E00247BE3 /* EvolutionRenderer.h */ = {isa = PBXFileReference; fileEncoding = 4; lastKnownFileType = sourcecode.c.h; path = EvolutionRenderer.h; sourceTree = "<group>"; };
		D3C8F28C1C34958E00247BE3 /* EvolutionRenderer.m */ = {isa = PBXFileReference; fileEncoding = 4; lastKnownFileType = sourcecode.c.objc; path = EvolutionRenderer.m; sourceTree = "<group>"; };
		D3C8F28D1C34958E00247BE3 /* Morph.h */ = {isa = PBXFileReference; fileEncoding = 4; lastKnownFileType = sourcecode.c.h; path = Morph.h; sourceTree = "<group>"; };
		D3C8F28E1C34958E00247BE3 /* Morph.m */ = {isa = PBXFileReference; fileEncoding = 4; lastKnownFileType = sourcecode.c.objc; path = Morph.m; sourceTree = "<group>"; };
		D3C8F28F1C34958E00247BE3 /* Serializable.h */ = {isa = PBXFileReference; fileEncoding = 4; lastKnownFileType = sourcecode.c.h; path = Serializable.h; sourceTree = "<group>"; };
		D3C8F2931C3495A300247BE3 /* EvolutionMac-Prefix.pch */ = {isa = PBXFileReference; lastKnownFileType = sourcecode.c.h; name = "EvolutionMac-Prefix.pch"; path = "Mac/EvolutionMac-Prefix.pch"; sourceTree = SOURCE_ROOT; };
/* End PBXFileReference section */

/* Begin PBXFrameworksBuildPhase section */
		D326268F1C34946D00E8AD9C /* Frameworks */ = {
			isa = PBXFrameworksBuildPhase;
			buildActionMask = 2147483647;
			files = (
			);
			runOnlyForDeploymentPostprocessing = 0;
		};
		D356F3491C375B3600B6EDAC /* Frameworks */ = {
			isa = PBXFrameworksBuildPhase;
			buildActionMask = 2147483647;
			files = (
			);
			runOnlyForDeploymentPostprocessing = 0;
		};
/* End PBXFrameworksBuildPhase section */

/* Begin PBXGroup section */
		D32626891C34946D00E8AD9C = {
			isa = PBXGroup;
			children = (
				D3C8F2881C34958E00247BE3 /* Evolution */,
				D32626941C34946D00E8AD9C /* Mac */,
				D356F34D1C375B3600B6EDAC /* Mobile */,
				D32626931C34946D00E8AD9C /* Products */,
			);
			sourceTree = "<group>";
		};
		D32626931C34946D00E8AD9C /* Products */ = {
			isa = PBXGroup;
			children = (
				D32626921C34946D00E8AD9C /* Evolution.app */,
				D356F34C1C375B3600B6EDAC /* Evolution.app */,
			);
			name = Products;
			sourceTree = "<group>";
		};
		D32626941C34946D00E8AD9C /* Mac */ = {
			isa = PBXGroup;
			children = (
				D32626A31C34946D00E8AD9C /* MainMenu.xib */,
				D32626951C34946D00E8AD9C /* AppDelegate.h */,
				D32626961C34946D00E8AD9C /* AppDelegate.m */,
				D326269B1C34946D00E8AD9C /* Document.h */,
				D326269C1C34946D00E8AD9C /* Document.m */,
				D326269E1C34946D00E8AD9C /* Document.xib */,
				D3C8F2851C34958400247BE3 /* EvolutionView.h */,
				D3C8F2861C34958400247BE3 /* EvolutionView.m */,
				D32626981C34946D00E8AD9C /* Supporting Files */,
			);
			name = Mac;
			path = Evolution;
			sourceTree = "<group>";
		};
		D32626981C34946D00E8AD9C /* Supporting Files */ = {
			isa = PBXGroup;
			children = (
				D32626A61C34946D00E8AD9C /* Info.plist */,
				D3C8F2931C3495A300247BE3 /* EvolutionMac-Prefix.pch */,
				D32626A11C34946D00E8AD9C /* Assets.xcassets */,
				D32626991C34946D00E8AD9C /* main.m */,
			);
			name = "Supporting Files";
			sourceTree = "<group>";
		};
		D356F34D1C375B3600B6EDAC /* Mobile */ = {
			isa = PBXGroup;
			children = (
				D356F3571C375B3600B6EDAC /* Main.storyboard */,
				D356F3511C375B3600B6EDAC /* AppDelegate.h */,
				D356F3521C375B3600B6EDAC /* AppDelegate.m */,
				D356F3541C375B3600B6EDAC /* ViewController.h */,
				D356F3551C375B3600B6EDAC /* ViewController.m */,
				D356F3631C375BCD00B6EDAC /* EvolutionView.h */,
				D356F3641C375BCD00B6EDAC /* EvolutionView.m */,
				D356F35A1C375B3600B6EDAC /* Assets.xcassets */,
				D356F35C1C375B3600B6EDAC /* LaunchScreen.storyboard */,
				D356F35F1C375B3600B6EDAC /* Info.plist */,
				D356F34E1C375B3600B6EDAC /* Supporting Files */,
			);
			name = Mobile;
			path = EvolutionMobile;
			sourceTree = "<group>";
		};
		D356F34E1C375B3600B6EDAC /* Supporting Files */ = {
			isa = PBXGroup;
			children = (
				D356F36A1C375D4800B6EDAC /* EvolutionMobile-Prefix.pch */,
				D356F34F1C375B3600B6EDAC /* main.m */,
			);
			name = "Supporting Files";
			sourceTree = "<group>";
		};
		D3C8F2881C34958E00247BE3 /* Evolution */ = {
			isa = PBXGroup;
			children = (
				D3C8F28B1C34958E00247BE3 /* EvolutionRenderer.h */,
				D3C8F28C1C34958E00247BE3 /* EvolutionRenderer.m */,
				D3C8F28F1C34958E00247BE3 /* Serializable.h */,
				D3C8F28D1C34958E00247BE3 /* Morph.h */,
				D3C8F28E1C34958E00247BE3 /* Morph.m */,
				D356F3411C34A18900B6EDAC /* BioMorph.h */,
				D356F3421C34A18900B6EDAC /* BioMorph.m */,
				D3C8F2891C34958E00247BE3 /* ConchoMorph.h */,
				D3C8F28A1C34958E00247BE3 /* ConchoMorph.m */,
				D356F3701C37600D00B6EDAC /* Utils.h */,
				D356F36F1C37600D00B6EDAC /* Utils.m */,
			);
			path = Evolution;
			sourceTree = "<group>";
		};
/* End PBXGroup section */

/* Begin PBXNativeTarget section */
		D32626911C34946D00E8AD9C /* EvolutionMac */ = {
			isa = PBXNativeTarget;
			buildConfigurationList = D32626BF1C34946D00E8AD9C /* Build configuration list for PBXNativeTarget "EvolutionMac" */;
			buildPhases = (
				D326268E1C34946D00E8AD9C /* Sources */,
				D326268F1C34946D00E8AD9C /* Frameworks */,
				D32626901C34946D00E8AD9C /* Resources */,
			);
			buildRules = (
			);
			dependencies = (
			);
			name = EvolutionMac;
			productName = Evolution;
			productReference = D32626921C34946D00E8AD9C /* Evolution.app */;
			productType = "com.apple.product-type.application";
		};
		D356F34B1C375B3600B6EDAC /* EvolutionMobile */ = {
			isa = PBXNativeTarget;
			buildConfigurationList = D356F3601C375B3600B6EDAC /* Build configuration list for PBXNativeTarget "EvolutionMobile" */;
			buildPhases = (
				D356F3481C375B3600B6EDAC /* Sources */,
				D356F3491C375B3600B6EDAC /* Frameworks */,
				D356F34A1C375B3600B6EDAC /* Resources */,
			);
			buildRules = (
			);
			dependencies = (
			);
			name = EvolutionMobile;
			productName = EvolutionMobile;
			productReference = D356F34C1C375B3600B6EDAC /* Evolution.app */;
			productType = "com.apple.product-type.application";
		};
/* End PBXNativeTarget section */

/* Begin PBXProject section */
		D326268A1C34946D00E8AD9C /* Project object */ = {
			isa = PBXProject;
			attributes = {
				LastUpgradeCheck = 0720;
				ORGANIZATIONNAME = "Todd Ditchendorf";
				TargetAttributes = {
					D32626911C34946D00E8AD9C = {
						CreatedOnToolsVersion = 7.2;
					};
					D356F34B1C375B3600B6EDAC = {
						CreatedOnToolsVersion = 7.2;
					};
				};
			};
			buildConfigurationList = D326268D1C34946D00E8AD9C /* Build configuration list for PBXProject "Evolution" */;
			compatibilityVersion = "Xcode 3.2";
			developmentRegion = English;
			hasScannedForEncodings = 0;
			knownRegions = (
				en,
				Base,
			);
			mainGroup = D32626891C34946D00E8AD9C;
			productRefGroup = D32626931C34946D00E8AD9C /* Products */;
			projectDirPath = "";
			projectRoot = "";
			targets = (
				D32626911C34946D00E8AD9C /* EvolutionMac */,
				D356F34B1C375B3600B6EDAC /* EvolutionMobile */,
			);
		};
/* End PBXProject section */

/* Begin PBXResourcesBuildPhase section */
		D32626901C34946D00E8AD9C /* Resources */ = {
			isa = PBXResourcesBuildPhase;
			buildActionMask = 2147483647;
			files = (
				D32626A21C34946D00E8AD9C /* Assets.xcassets in Resources */,
				D32626A01C34946D00E8AD9C /* Document.xib in Resources */,
				D32626A51C34946D00E8AD9C /* MainMenu.xib in Resources */,
			);
			runOnlyForDeploymentPostprocessing = 0;
		};
		D356F34A1C375B3600B6EDAC /* Resources */ = {
			isa = PBXResourcesBuildPhase;
			buildActionMask = 2147483647;
			files = (
				D356F35E1C375B3600B6EDAC /* LaunchScreen.storyboard in Resources */,
				D356F35B1C375B3600B6EDAC /* Assets.xcassets in Resources */,
				D356F3591C375B3600B6EDAC /* Main.storyboard in Resources */,
			);
			runOnlyForDeploymentPostprocessing = 0;
		};
/* End PBXResourcesBuildPhase section */

/* Begin PBXSourcesBuildPhase section */
		D326268E1C34946D00E8AD9C /* Sources */ = {
			isa = PBXSourcesBuildPhase;
			buildActionMask = 2147483647;
			files = (
				D3C8F2911C34958E00247BE3 /* EvolutionRenderer.m in Sources */,
				D326269D1C34946D00E8AD9C /* Document.m in Sources */,
				D3C8F2901C34958E00247BE3 /* ConchoMorph.m in Sources */,
				D3C8F2921C34958E00247BE3 /* Morph.m in Sources */,
				D326269A1C34946D00E8AD9C /* main.m in Sources */,
				D356F3431C34A18900B6EDAC /* BioMorph.m in Sources */,
				D356F3711C37600D00B6EDAC /* Utils.m in Sources */,
				D3C8F2871C34958400247BE3 /* EvolutionView.m in Sources */,
				D32626971C34946D00E8AD9C /* AppDelegate.m in Sources */,
			);
			runOnlyForDeploymentPostprocessing = 0;
		};
		D356F3481C375B3600B6EDAC /* Sources */ = {
			isa = PBXSourcesBuildPhase;
			buildActionMask = 2147483647;
			files = (
				D356F3691C375C0900B6EDAC /* ConchoMorph.m in Sources */,
				D356F3671C375C0900B6EDAC /* Morph.m in Sources */,
				D356F3561C375B3600B6EDAC /* ViewController.m in Sources */,
				D356F3531C375B3600B6EDAC /* AppDelegate.m in Sources */,
				D356F3681C375C0900B6EDAC /* BioMorph.m in Sources */,
				D356F3661C375C0900B6EDAC /* EvolutionRenderer.m in Sources */,
				D356F3721C37600D00B6EDAC /* Utils.m in Sources */,
				D356F3651C375BCD00B6EDAC /* EvolutionView.m in Sources */,
				D356F3501C375B3600B6EDAC /* main.m in Sources */,
			);
			runOnlyForDeploymentPostprocessing = 0;
		};
/* End PBXSourcesBuildPhase section */

/* Begin PBXVariantGroup section */
		D326269E1C34946D00E8AD9C /* Document.xib */ = {
			isa = PBXVariantGroup;
			children = (
				D326269F1C34946D00E8AD9C /* Base */,
			);
			name = Document.xib;
			path = Mac;
			sourceTree = SOURCE_ROOT;
		};
		D32626A31C34946D00E8AD9C /* MainMenu.xib */ = {
			isa = PBXVariantGroup;
			children = (
				D32626A41C34946D00E8AD9C /* Base */,
			);
			name = MainMenu.xib;
			path = Mac;
			sourceTree = SOURCE_ROOT;
		};
		D356F3571C375B3600B6EDAC /* Main.storyboard */ = {
			isa = PBXVariantGroup;
			children = (
				D356F3581C375B3600B6EDAC /* Base */,
			);
			name = Main.storyboard;
			path = ../Mobile;
			sourceTree = "<group>";
		};
		D356F35C1C375B3600B6EDAC /* LaunchScreen.storyboard */ = {
			isa = PBXVariantGroup;
			children = (
				D356F35D1C375B3600B6EDAC /* Base */,
			);
			name = LaunchScreen.storyboard;
			path = ../Mobile;
			sourceTree = "<group>";
		};
/* End PBXVariantGroup section */

/* Begin XCBuildConfiguration section */
		D32626BD1C34946D00E8AD9C /* Debug */ = {
			isa = XCBuildConfiguration;
			buildSettings = {
				ALWAYS_SEARCH_USER_PATHS = NO;
				CLANG_CXX_LANGUAGE_STANDARD = "gnu++0x";
				CLANG_CXX_LIBRARY = "libc++";
				CLANG_ENABLE_MODULES = YES;
				CLANG_WARN_BOOL_CONVERSION = YES;
				CLANG_WARN_CONSTANT_CONVERSION = YES;
				CLANG_WARN_DIRECT_OBJC_ISA_USAGE = YES_ERROR;
				CLANG_WARN_EMPTY_BODY = YES;
				CLANG_WARN_ENUM_CONVERSION = YES;
				CLANG_WARN_INT_CONVERSION = YES;
				CLANG_WARN_OBJC_ROOT_CLASS = YES_ERROR;
				CLANG_WARN_UNREACHABLE_CODE = YES;
				CLANG_WARN__DUPLICATE_METHOD_MATCH = YES;
				CODE_SIGN_IDENTITY = "-";
				COPY_PHASE_STRIP = NO;
				DEBUG_INFORMATION_FORMAT = dwarf;
				ENABLE_STRICT_OBJC_MSGSEND = YES;
				ENABLE_TESTABILITY = YES;
				GCC_C_LANGUAGE_STANDARD = gnu99;
				GCC_DYNAMIC_NO_PIC = NO;
				GCC_NO_COMMON_BLOCKS = YES;
				GCC_OPTIMIZATION_LEVEL = 0;
				GCC_PRECOMPILE_PREFIX_HEADER = YES;
				GCC_PREPROCESSOR_DEFINITIONS = (
					"DEBUG=1",
					"$(inherited)",
				);
				GCC_WARN_64_TO_32_BIT_CONVERSION = YES;
				GCC_WARN_ABOUT_RETURN_TYPE = YES_ERROR;
				GCC_WARN_UNDECLARED_SELECTOR = YES;
				GCC_WARN_UNINITIALIZED_AUTOS = YES_AGGRESSIVE;
				GCC_WARN_UNUSED_FUNCTION = YES;
				GCC_WARN_UNUSED_VARIABLE = YES;
				MACOSX_DEPLOYMENT_TARGET = 10.10;
				MTL_ENABLE_DEBUG_INFO = YES;
				ONLY_ACTIVE_ARCH = YES;
				SDKROOT = macosx;
			};
			name = Debug;
		};
		D32626BE1C34946D00E8AD9C /* Release */ = {
			isa = XCBuildConfiguration;
			buildSettings = {
				ALWAYS_SEARCH_USER_PATHS = NO;
				CLANG_CXX_LANGUAGE_STANDARD = "gnu++0x";
				CLANG_CXX_LIBRARY = "libc++";
				CLANG_ENABLE_MODULES = YES;
				CLANG_WARN_BOOL_CONVERSION = YES;
				CLANG_WARN_CONSTANT_CONVERSION = YES;
				CLANG_WARN_DIRECT_OBJC_ISA_USAGE = YES_ERROR;
				CLANG_WARN_EMPTY_BODY = YES;
				CLANG_WARN_ENUM_CONVERSION = YES;
				CLANG_WARN_INT_CONVERSION = YES;
				CLANG_WARN_OBJC_ROOT_CLASS = YES_ERROR;
				CLANG_WARN_UNREACHABLE_CODE = YES;
				CLANG_WARN__DUPLICATE_METHOD_MATCH = YES;
				CODE_SIGN_IDENTITY = "-";
				COPY_PHASE_STRIP = NO;
				DEBUG_INFORMATION_FORMAT = "dwarf-with-dsym";
				ENABLE_NS_ASSERTIONS = NO;
				ENABLE_STRICT_OBJC_MSGSEND = YES;
				GCC_C_LANGUAGE_STANDARD = gnu99;
				GCC_NO_COMMON_BLOCKS = YES;
				GCC_PRECOMPILE_PREFIX_HEADER = YES;
				GCC_WARN_64_TO_32_BIT_CONVERSION = YES;
				GCC_WARN_ABOUT_RETURN_TYPE = YES_ERROR;
				GCC_WARN_UNDECLARED_SELECTOR = YES;
				GCC_WARN_UNINITIALIZED_AUTOS = YES_AGGRESSIVE;
				GCC_WARN_UNUSED_FUNCTION = YES;
				GCC_WARN_UNUSED_VARIABLE = YES;
				MACOSX_DEPLOYMENT_TARGET = 10.10;
				MTL_ENABLE_DEBUG_INFO = NO;
				SDKROOT = macosx;
			};
			name = Release;
		};
		D32626C01C34946D00E8AD9C /* Debug */ = {
			isa = XCBuildConfiguration;
			buildSettings = {
				ASSETCATALOG_COMPILER_APPICON_NAME = AppIcon;
				COMBINE_HIDPI_IMAGES = YES;
				GCC_PREFIX_HEADER = "Mac/EvolutionMac-Prefix.pch";
				INFOPLIST_FILE = Mac/Info.plist;
				LD_RUNPATH_SEARCH_PATHS = "$(inherited) @executable_path/../Frameworks";
				PRODUCT_BUNDLE_IDENTIFIER = com.celestialteapot.Evolution;
				PRODUCT_NAME = Evolution;
			};
			name = Debug;
		};
		D32626C11C34946D00E8AD9C /* Release */ = {
			isa = XCBuildConfiguration;
			buildSettings = {
				ASSETCATALOG_COMPILER_APPICON_NAME = AppIcon;
				COMBINE_HIDPI_IMAGES = YES;
				GCC_PREFIX_HEADER = "Mac/EvolutionMac-Prefix.pch";
				INFOPLIST_FILE = Mac/Info.plist;
				LD_RUNPATH_SEARCH_PATHS = "$(inherited) @executable_path/../Frameworks";
				PRODUCT_BUNDLE_IDENTIFIER = com.celestialteapot.Evolution;
				PRODUCT_NAME = Evolution;
			};
			name = Release;
		};
		D356F3611C375B3600B6EDAC /* Debug */ = {
			isa = XCBuildConfiguration;
			buildSettings = {
				ASSETCATALOG_COMPILER_APPICON_NAME = AppIcon;
				"CODE_SIGN_IDENTITY[sdk=iphoneos*]" = "iPhone Developer";
				GCC_PREFIX_HEADER = "Mobile/EvolutionMobile-Prefix.pch";
				INFOPLIST_FILE = Mobile/Info.plist;
				IPHONEOS_DEPLOYMENT_TARGET = 9.2;
				LD_RUNPATH_SEARCH_PATHS = "$(inherited) @executable_path/Frameworks";
				PRODUCT_BUNDLE_IDENTIFIER = com.celestialteapot.EvolutionMobile;
				PRODUCT_NAME = Evolution;
				SDKROOT = iphoneos;
				TARGETED_DEVICE_FAMILY = "1,2";
			};
			name = Debug;
		};
		D356F3621C375B3600B6EDAC /* Release */ = {
			isa = XCBuildConfiguration;
			buildSettings = {
				ASSETCATALOG_COMPILER_APPICON_NAME = AppIcon;
				"CODE_SIGN_IDENTITY[sdk=iphoneos*]" = "iPhone Developer";
				GCC_PREFIX_HEADER = "Mobile/EvolutionMobile-Prefix.pch";
				INFOPLIST_FILE = Mobile/Info.plist;
				IPHONEOS_DEPLOYMENT_TARGET = 9.2;
				LD_RUNPATH_SEARCH_PATHS = "$(inherited) @executable_path/Frameworks";
				PRODUCT_BUNDLE_IDENTIFIER = com.celestialteapot.EvolutionMobile;
				PRODUCT_NAME = Evolution;
				SDKROOT = iphoneos;
				TARGETED_DEVICE_FAMILY = "1,2";
				VALIDATE_PRODUCT = YES;
			};
			name = Release;
		};
/* End XCBuildConfiguration section */

/* Begin XCConfigurationList section */
		D326268D1C34946D00E8AD9C /* Build configuration list for PBXProject "Evolution" */ = {
			isa = XCConfigurationList;
			buildConfigurations = (
				D32626BD1C34946D00E8AD9C /* Debug */,
				D32626BE1C34946D00E8AD9C /* Release */,
			);
			defaultConfigurationIsVisible = 0;
			defaultConfigurationName = Release;
		};
		D32626BF1C34946D00E8AD9C /* Build configuration list for PBXNativeTarget "EvolutionMac" */ = {
			isa = XCConfigurationList;
			buildConfigurations = (
				D32626C01C34946D00E8AD9C /* Debug */,
				D32626C11C34946D00E8AD9C /* Release */,
			);
			defaultConfigurationIsVisible = 0;
			defaultConfigurationName = Release;
		};
		D356F3601C375B3600B6EDAC /* Build configuration list for PBXNativeTarget "EvolutionMobile" */ = {
			isa = XCConfigurationList;
			buildConfigurations = (
				D356F3611C375B3600B6EDAC /* Debug */,
				D356F3621C375B3600B6EDAC /* Release */,
			);
			defaultConfigurationIsVisible = 0;
			defaultConfigurationName = Release;
		};
/* End XCConfigurationList section */
	};
	rootObject = D326268A1C34946D00E8AD9C /* Project object */;
}
